// !$*UTF8*$!
{
	archiveVersion = 1;
	classes = {
	};
	objectVersion = 55;
	objects = {

/* Begin PBXBuildFile section */
		EF1168D62750035F00274911 /* Main.storyboard in Resources */ = {isa = PBXBuildFile; fileRef = EF1168D52750035F00274911 /* Main.storyboard */; };
		EF125B0827577FA900E6FD6B /* APIConfiguration.swift in Sources */ = {isa = PBXBuildFile; fileRef = EF125B0727577FA900E6FD6B /* APIConfiguration.swift */; };
		EF125B0A275780E000E6FD6B /* StorageService.swift in Sources */ = {isa = PBXBuildFile; fileRef = EF125B09275780E000E6FD6B /* StorageService.swift */; };
		EF125B0C2757820400E6FD6B /* SubInfo.swift in Sources */ = {isa = PBXBuildFile; fileRef = EF125B0B2757820400E6FD6B /* SubInfo.swift */; };
		EF125B1227578AC600E6FD6B /* LoadImage.swift in Sources */ = {isa = PBXBuildFile; fileRef = EF125B1127578AC600E6FD6B /* LoadImage.swift */; };
		EF125B152757962500E6FD6B /* ShowAlert.swift in Sources */ = {isa = PBXBuildFile; fileRef = EF125B142757962500E6FD6B /* ShowAlert.swift */; };
		EF125B192757C11000E6FD6B /* AddCornerRadius.swift in Sources */ = {isa = PBXBuildFile; fileRef = EF125B182757C11000E6FD6B /* AddCornerRadius.swift */; };
		EF125B1B2757C82D00E6FD6B /* CategoryInfo.swift in Sources */ = {isa = PBXBuildFile; fileRef = EF125B1A2757C82D00E6FD6B /* CategoryInfo.swift */; };
		EF1F6C6B2759125E00DA0BBB /* SubCell.swift in Sources */ = {isa = PBXBuildFile; fileRef = EF1F6C6A2759125E00DA0BBB /* SubCell.swift */; };
		EF1F6C6F275A464900DA0BBB /* Strings.swift in Sources */ = {isa = PBXBuildFile; fileRef = EF1F6C6E275A464900DA0BBB /* Strings.swift */; };
		EF1F6C73275A484C00DA0BBB /* MSImages.swift in Sources */ = {isa = PBXBuildFile; fileRef = EF1F6C72275A484C00DA0BBB /* MSImages.swift */; };
		EF1F6C75275A4A4100DA0BBB /* MSColors.swift in Sources */ = {isa = PBXBuildFile; fileRef = EF1F6C74275A4A4100DA0BBB /* MSColors.swift */; };
		EF1F6C77275A4AF100DA0BBB /* MSFonts.swift in Sources */ = {isa = PBXBuildFile; fileRef = EF1F6C76275A4AF100DA0BBB /* MSFonts.swift */; };
		EF70E4F027567D270011AB06 /* Pods_mysubs.framework in Frameworks */ = {isa = PBXBuildFile; fileRef = EF70E4EF27567D270011AB06 /* Pods_mysubs.framework */; };
		EF70E4F32756868A0011AB06 /* BrandInfo.swift in Sources */ = {isa = PBXBuildFile; fileRef = EF70E4F22756868A0011AB06 /* BrandInfo.swift */; };
		EF9072EB275E1FE8006CF678 /* NewSubController.swift in Sources */ = {isa = PBXBuildFile; fileRef = EF9072EA275E1FE8006CF678 /* NewSubController.swift */; };
		EF9072ED275E37EE006CF678 /* Coordinator.swift in Sources */ = {isa = PBXBuildFile; fileRef = EF9072EC275E37EE006CF678 /* Coordinator.swift */; };
		EF9072EF275E3951006CF678 /* AppCoordinator.swift in Sources */ = {isa = PBXBuildFile; fileRef = EF9072EE275E3951006CF678 /* AppCoordinator.swift */; };
		EF96B984274FE1C700961F9C /* AppDelegate.swift in Sources */ = {isa = PBXBuildFile; fileRef = EF96B983274FE1C700961F9C /* AppDelegate.swift */; };
		EF96B986274FE1C700961F9C /* SceneDelegate.swift in Sources */ = {isa = PBXBuildFile; fileRef = EF96B985274FE1C700961F9C /* SceneDelegate.swift */; };
		EF96B98E274FE1C700961F9C /* mysubs.xcdatamodeld in Sources */ = {isa = PBXBuildFile; fileRef = EF96B98C274FE1C700961F9C /* mysubs.xcdatamodeld */; };
		EF96B990274FE1C900961F9C /* Assets.xcassets in Resources */ = {isa = PBXBuildFile; fileRef = EF96B98F274FE1C900961F9C /* Assets.xcassets */; };
		EF96B993274FE1C900961F9C /* LaunchScreen.storyboard in Resources */ = {isa = PBXBuildFile; fileRef = EF96B991274FE1C900961F9C /* LaunchScreen.storyboard */; };
		EF96B99E274FE1C900961F9C /* mysubsTests.swift in Sources */ = {isa = PBXBuildFile; fileRef = EF96B99D274FE1C900961F9C /* mysubsTests.swift */; };
		EF96B9A8274FE1C900961F9C /* mysubsUITests.swift in Sources */ = {isa = PBXBuildFile; fileRef = EF96B9A7274FE1C900961F9C /* mysubsUITests.swift */; };
		EF96B9AA274FE1C900961F9C /* mysubsUITestsLaunchTests.swift in Sources */ = {isa = PBXBuildFile; fileRef = EF96B9A9274FE1C900961F9C /* mysubsUITestsLaunchTests.swift */; };
		EFFA24DF275644E20068DFE3 /* HomeViewController.swift in Sources */ = {isa = PBXBuildFile; fileRef = EFFA24DE275644E20068DFE3 /* HomeViewController.swift */; };
		EFFA24E227566E570068DFE3 /* LogoFinderService.swift in Sources */ = {isa = PBXBuildFile; fileRef = EFFA24E127566E570068DFE3 /* LogoFinderService.swift */; };
/* End PBXBuildFile section */

/* Begin PBXContainerItemProxy section */
		EF96B99A274FE1C900961F9C /* PBXContainerItemProxy */ = {
			isa = PBXContainerItemProxy;
			containerPortal = EF96B978274FE1C700961F9C /* Project object */;
			proxyType = 1;
			remoteGlobalIDString = EF96B97F274FE1C700961F9C;
			remoteInfo = mysubs;
		};
		EF96B9A4274FE1C900961F9C /* PBXContainerItemProxy */ = {
			isa = PBXContainerItemProxy;
			containerPortal = EF96B978274FE1C700961F9C /* Project object */;
			proxyType = 1;
			remoteGlobalIDString = EF96B97F274FE1C700961F9C;
			remoteInfo = mysubs;
		};
/* End PBXContainerItemProxy section */

/* Begin PBXFileReference section */
		28734AF35D4C5AB8620AFF30 /* Pods-mysubs.release.xcconfig */ = {isa = PBXFileReference; includeInIndex = 1; lastKnownFileType = text.xcconfig; name = "Pods-mysubs.release.xcconfig"; path = "Target Support Files/Pods-mysubs/Pods-mysubs.release.xcconfig"; sourceTree = "<group>"; };
		E92B44913F948E7701CD59C6 /* Pods-mysubs.debug.xcconfig */ = {isa = PBXFileReference; includeInIndex = 1; lastKnownFileType = text.xcconfig; name = "Pods-mysubs.debug.xcconfig"; path = "Target Support Files/Pods-mysubs/Pods-mysubs.debug.xcconfig"; sourceTree = "<group>"; };
		EF1168D52750035F00274911 /* Main.storyboard */ = {isa = PBXFileReference; fileEncoding = 4; lastKnownFileType = file.storyboard; path = Main.storyboard; sourceTree = "<group>"; };
		EF125B0727577FA900E6FD6B /* APIConfiguration.swift */ = {isa = PBXFileReference; lastKnownFileType = sourcecode.swift; path = APIConfiguration.swift; sourceTree = "<group>"; };
		EF125B09275780E000E6FD6B /* StorageService.swift */ = {isa = PBXFileReference; lastKnownFileType = sourcecode.swift; path = StorageService.swift; sourceTree = "<group>"; };
		EF125B0B2757820400E6FD6B /* SubInfo.swift */ = {isa = PBXFileReference; lastKnownFileType = sourcecode.swift; path = SubInfo.swift; sourceTree = "<group>"; };
		EF125B1127578AC600E6FD6B /* LoadImage.swift */ = {isa = PBXFileReference; lastKnownFileType = sourcecode.swift; path = LoadImage.swift; sourceTree = "<group>"; };
		EF125B142757962500E6FD6B /* ShowAlert.swift */ = {isa = PBXFileReference; lastKnownFileType = sourcecode.swift; path = ShowAlert.swift; sourceTree = "<group>"; };
		EF125B182757C11000E6FD6B /* AddCornerRadius.swift */ = {isa = PBXFileReference; lastKnownFileType = sourcecode.swift; path = AddCornerRadius.swift; sourceTree = "<group>"; };
		EF125B1A2757C82D00E6FD6B /* CategoryInfo.swift */ = {isa = PBXFileReference; lastKnownFileType = sourcecode.swift; path = CategoryInfo.swift; sourceTree = "<group>"; };
		EF1F6C6A2759125E00DA0BBB /* SubCell.swift */ = {isa = PBXFileReference; lastKnownFileType = sourcecode.swift; path = SubCell.swift; sourceTree = "<group>"; };
		EF1F6C6E275A464900DA0BBB /* Strings.swift */ = {isa = PBXFileReference; lastKnownFileType = sourcecode.swift; path = Strings.swift; sourceTree = "<group>"; };
		EF1F6C72275A484C00DA0BBB /* MSImages.swift */ = {isa = PBXFileReference; lastKnownFileType = sourcecode.swift; path = MSImages.swift; sourceTree = "<group>"; };
		EF1F6C74275A4A4100DA0BBB /* MSColors.swift */ = {isa = PBXFileReference; lastKnownFileType = sourcecode.swift; path = MSColors.swift; sourceTree = "<group>"; };
		EF1F6C76275A4AF100DA0BBB /* MSFonts.swift */ = {isa = PBXFileReference; lastKnownFileType = sourcecode.swift; path = MSFonts.swift; sourceTree = "<group>"; };
		EF70E4ED27567CEA0011AB06 /* Alamofire.framework */ = {isa = PBXFileReference; explicitFileType = wrapper.framework; path = Alamofire.framework; sourceTree = BUILT_PRODUCTS_DIR; };
		EF70E4EF27567D270011AB06 /* Pods_mysubs.framework */ = {isa = PBXFileReference; explicitFileType = wrapper.framework; path = Pods_mysubs.framework; sourceTree = BUILT_PRODUCTS_DIR; };
		EF70E4F22756868A0011AB06 /* BrandInfo.swift */ = {isa = PBXFileReference; lastKnownFileType = sourcecode.swift; path = BrandInfo.swift; sourceTree = "<group>"; };
		EF9072EA275E1FE8006CF678 /* NewSubController.swift */ = {isa = PBXFileReference; lastKnownFileType = sourcecode.swift; path = NewSubController.swift; sourceTree = "<group>"; };
		EF9072EC275E37EE006CF678 /* Coordinator.swift */ = {isa = PBXFileReference; lastKnownFileType = sourcecode.swift; path = Coordinator.swift; sourceTree = "<group>"; };
		EF9072EE275E3951006CF678 /* AppCoordinator.swift */ = {isa = PBXFileReference; lastKnownFileType = sourcecode.swift; path = AppCoordinator.swift; sourceTree = "<group>"; };
		EF96B980274FE1C700961F9C /* mysubs.app */ = {isa = PBXFileReference; explicitFileType = wrapper.application; includeInIndex = 0; path = mysubs.app; sourceTree = BUILT_PRODUCTS_DIR; };
		EF96B983274FE1C700961F9C /* AppDelegate.swift */ = {isa = PBXFileReference; lastKnownFileType = sourcecode.swift; path = AppDelegate.swift; sourceTree = "<group>"; };
		EF96B985274FE1C700961F9C /* SceneDelegate.swift */ = {isa = PBXFileReference; lastKnownFileType = sourcecode.swift; path = SceneDelegate.swift; sourceTree = "<group>"; };
		EF96B98D274FE1C700961F9C /* mysubs.xcdatamodel */ = {isa = PBXFileReference; lastKnownFileType = wrapper.xcdatamodel; path = mysubs.xcdatamodel; sourceTree = "<group>"; };
		EF96B98F274FE1C900961F9C /* Assets.xcassets */ = {isa = PBXFileReference; lastKnownFileType = folder.assetcatalog; path = Assets.xcassets; sourceTree = "<group>"; };
		EF96B992274FE1C900961F9C /* Base */ = {isa = PBXFileReference; lastKnownFileType = file.storyboard; name = Base; path = Base.lproj/LaunchScreen.storyboard; sourceTree = "<group>"; };
		EF96B994274FE1C900961F9C /* MySubs_Info.plist */ = {isa = PBXFileReference; lastKnownFileType = text.plist.xml; path = MySubs_Info.plist; sourceTree = "<group>"; };
		EF96B999274FE1C900961F9C /* mysubsTests.xctest */ = {isa = PBXFileReference; explicitFileType = wrapper.cfbundle; includeInIndex = 0; path = mysubsTests.xctest; sourceTree = BUILT_PRODUCTS_DIR; };
		EF96B99D274FE1C900961F9C /* mysubsTests.swift */ = {isa = PBXFileReference; lastKnownFileType = sourcecode.swift; path = mysubsTests.swift; sourceTree = "<group>"; };
		EF96B9A3274FE1C900961F9C /* mysubsUITests.xctest */ = {isa = PBXFileReference; explicitFileType = wrapper.cfbundle; includeInIndex = 0; path = mysubsUITests.xctest; sourceTree = BUILT_PRODUCTS_DIR; };
		EF96B9A7274FE1C900961F9C /* mysubsUITests.swift */ = {isa = PBXFileReference; lastKnownFileType = sourcecode.swift; path = mysubsUITests.swift; sourceTree = "<group>"; };
		EF96B9A9274FE1C900961F9C /* mysubsUITestsLaunchTests.swift */ = {isa = PBXFileReference; lastKnownFileType = sourcecode.swift; path = mysubsUITestsLaunchTests.swift; sourceTree = "<group>"; };
		EFFA24DE275644E20068DFE3 /* HomeViewController.swift */ = {isa = PBXFileReference; lastKnownFileType = sourcecode.swift; path = HomeViewController.swift; sourceTree = "<group>"; };
		EFFA24E127566E570068DFE3 /* LogoFinderService.swift */ = {isa = PBXFileReference; lastKnownFileType = sourcecode.swift; path = LogoFinderService.swift; sourceTree = "<group>"; };
		FAF26DAD802A3EFEB87F6109 /* Pods_mysubs.framework */ = {isa = PBXFileReference; explicitFileType = wrapper.framework; includeInIndex = 0; path = Pods_mysubs.framework; sourceTree = BUILT_PRODUCTS_DIR; };
/* End PBXFileReference section */

/* Begin PBXFrameworksBuildPhase section */
		EF96B97D274FE1C700961F9C /* Frameworks */ = {
			isa = PBXFrameworksBuildPhase;
			buildActionMask = 2147483647;
			files = (
				EF70E4F027567D270011AB06 /* Pods_mysubs.framework in Frameworks */,
			);
			runOnlyForDeploymentPostprocessing = 0;
		};
		EF96B996274FE1C900961F9C /* Frameworks */ = {
			isa = PBXFrameworksBuildPhase;
			buildActionMask = 2147483647;
			files = (
			);
			runOnlyForDeploymentPostprocessing = 0;
		};
		EF96B9A0274FE1C900961F9C /* Frameworks */ = {
			isa = PBXFrameworksBuildPhase;
			buildActionMask = 2147483647;
			files = (
			);
			runOnlyForDeploymentPostprocessing = 0;
		};
/* End PBXFrameworksBuildPhase section */

/* Begin PBXGroup section */
		C34FE279BCE2E8DE6B69B0E6 /* Pods */ = {
			isa = PBXGroup;
			children = (
				DA2093929DD6F972E67F8BD1 /* Frameworks */,
				E92B44913F948E7701CD59C6 /* Pods-mysubs.debug.xcconfig */,
				28734AF35D4C5AB8620AFF30 /* Pods-mysubs.release.xcconfig */,
			);
			path = Pods;
			sourceTree = "<group>";
		};
		DA2093929DD6F972E67F8BD1 /* Frameworks */ = {
			isa = PBXGroup;
			children = (
				EF70E4EF27567D270011AB06 /* Pods_mysubs.framework */,
				EF70E4ED27567CEA0011AB06 /* Alamofire.framework */,
				FAF26DAD802A3EFEB87F6109 /* Pods_mysubs.framework */,
			);
			name = Frameworks;
			path = ..;
			sourceTree = "<group>";
		};
		EF125B0D2757822C00E6FD6B /* Views */ = {
			isa = PBXGroup;
			children = (
				EF1168D52750035F00274911 /* Main.storyboard */,
			);
			path = Views;
			sourceTree = "<group>";
		};
		EF125B0F2757887700E6FD6B /* Extensions */ = {
			isa = PBXGroup;
			children = (
				EF125B132757961900E6FD6B /* UIViewcontroller */,
				EF125B1027578AB500E6FD6B /* UIImageView */,
			);
			path = Extensions;
			sourceTree = "<group>";
		};
		EF125B1027578AB500E6FD6B /* UIImageView */ = {
			isa = PBXGroup;
			children = (
				EF125B1127578AC600E6FD6B /* LoadImage.swift */,
			);
			path = UIImageView;
			sourceTree = "<group>";
		};
		EF125B132757961900E6FD6B /* UIViewcontroller */ = {
			isa = PBXGroup;
			children = (
				EF125B142757962500E6FD6B /* ShowAlert.swift */,
				EF125B182757C11000E6FD6B /* AddCornerRadius.swift */,
			);
			path = UIViewcontroller;
			sourceTree = "<group>";
		};
		EF1F6C6C275A45F800DA0BBB /* Resources */ = {
			isa = PBXGroup;
			children = (
				EF96B98F274FE1C900961F9C /* Assets.xcassets */,
			);
			path = Resources;
			sourceTree = "<group>";
		};
		EF1F6C6D275A463800DA0BBB /* Helpers */ = {
			isa = PBXGroup;
			children = (
				EF1F6C6E275A464900DA0BBB /* Strings.swift */,
			);
			path = Helpers;
			sourceTree = "<group>";
		};
		EF1F6C70275A471D00DA0BBB /* Supporting files */ = {
			isa = PBXGroup;
			children = (
				EF96B994274FE1C900961F9C /* MySubs_Info.plist */,
				EF96B991274FE1C900961F9C /* LaunchScreen.storyboard */,
			);
			path = "Supporting files";
			sourceTree = "<group>";
		};
		EF1F6C71275A47DF00DA0BBB /* Styles */ = {
			isa = PBXGroup;
			children = (
				EF1F6C72275A484C00DA0BBB /* MSImages.swift */,
				EF1F6C74275A4A4100DA0BBB /* MSColors.swift */,
				EF1F6C76275A4AF100DA0BBB /* MSFonts.swift */,
			);
			path = Styles;
			sourceTree = "<group>";
		};
		EF1F6C78275A4BA500DA0BBB /* Application */ = {
			isa = PBXGroup;
			children = (
				EF96B985274FE1C700961F9C /* SceneDelegate.swift */,
				EF96B983274FE1C700961F9C /* AppDelegate.swift */,
				EF9072EC275E37EE006CF678 /* Coordinator.swift */,
				EF9072EE275E3951006CF678 /* AppCoordinator.swift */,
			);
			path = Application;
			sourceTree = "<group>";
		};
		EF1F6C79275A4BBF00DA0BBB /* Networking */ = {
			isa = PBXGroup;
			children = (
			);
			path = Networking;
			sourceTree = "<group>";
		};
		EF1F6C7A275A4C5300DA0BBB /* Flows */ = {
			isa = PBXGroup;
			children = (
				EF1F6C7B275A4C9500DA0BBB /* Subscription */,
			);
			path = Flows;
			sourceTree = "<group>";
		};
		EF1F6C7B275A4C9500DA0BBB /* Subscription */ = {
			isa = PBXGroup;
			children = (
				EF9072E9275E1FC5006CF678 /* NewSub */,
				EF1F6C7C275A4D2000DA0BBB /* Home */,
			);
			path = Subscription;
			sourceTree = "<group>";
		};
		EF1F6C7C275A4D2000DA0BBB /* Home */ = {
			isa = PBXGroup;
			children = (
				EFFA24DE275644E20068DFE3 /* HomeViewController.swift */,
			);
			path = Home;
			sourceTree = "<group>";
		};
		EF70E4F1275686780011AB06 /* Models */ = {
			isa = PBXGroup;
			children = (
				EF70E4F22756868A0011AB06 /* BrandInfo.swift */,
				EF125B0B2757820400E6FD6B /* SubInfo.swift */,
				EF125B1A2757C82D00E6FD6B /* CategoryInfo.swift */,
			);
			path = Models;
			sourceTree = "<group>";
		};
		EF9072E9275E1FC5006CF678 /* NewSub */ = {
			isa = PBXGroup;
			children = (
				EF9072EA275E1FE8006CF678 /* NewSubController.swift */,
				EF1F6C6A2759125E00DA0BBB /* SubCell.swift */,
			);
			path = NewSub;
			sourceTree = "<group>";
		};
		EF96B977274FE1C700961F9C = {
			isa = PBXGroup;
			children = (
				EF96B982274FE1C700961F9C /* mysubs */,
				EF96B99C274FE1C900961F9C /* mysubsTests */,
				EF96B9A6274FE1C900961F9C /* mysubsUITests */,
				EF96B981274FE1C700961F9C /* Products */,
				C34FE279BCE2E8DE6B69B0E6 /* Pods */,
			);
			sourceTree = "<group>";
		};
		EF96B981274FE1C700961F9C /* Products */ = {
			isa = PBXGroup;
			children = (
				EF96B980274FE1C700961F9C /* mysubs.app */,
				EF96B999274FE1C900961F9C /* mysubsTests.xctest */,
				EF96B9A3274FE1C900961F9C /* mysubsUITests.xctest */,
			);
			name = Products;
			sourceTree = "<group>";
		};
		EF96B982274FE1C700961F9C /* mysubs */ = {
			isa = PBXGroup;
			children = (
				EF1F6C7A275A4C5300DA0BBB /* Flows */,
				EF1F6C78275A4BA500DA0BBB /* Application */,
				EF1F6C79275A4BBF00DA0BBB /* Networking */,
				EFFA24E027566E120068DFE3 /* Services */,
				EF125B0F2757887700E6FD6B /* Extensions */,
				EF1F6C71275A47DF00DA0BBB /* Styles */,
				EF1F6C70275A471D00DA0BBB /* Supporting files */,
				EF1F6C6D275A463800DA0BBB /* Helpers */,
				EF1F6C6C275A45F800DA0BBB /* Resources */,
				EF70E4F1275686780011AB06 /* Models */,
				EF125B0D2757822C00E6FD6B /* Views */,
				EF96B98C274FE1C700961F9C /* mysubs.xcdatamodeld */,
			);
			path = mysubs;
			sourceTree = "<group>";
		};
		EF96B99C274FE1C900961F9C /* mysubsTests */ = {
			isa = PBXGroup;
			children = (
				EF96B99D274FE1C900961F9C /* mysubsTests.swift */,
			);
			path = mysubsTests;
			sourceTree = "<group>";
		};
		EF96B9A6274FE1C900961F9C /* mysubsUITests */ = {
			isa = PBXGroup;
			children = (
				EF96B9A7274FE1C900961F9C /* mysubsUITests.swift */,
				EF96B9A9274FE1C900961F9C /* mysubsUITestsLaunchTests.swift */,
			);
			path = mysubsUITests;
			sourceTree = "<group>";
		};
		EFFA24E027566E120068DFE3 /* Services */ = {
			isa = PBXGroup;
			children = (
				EFFA24E127566E570068DFE3 /* LogoFinderService.swift */,
				EF125B09275780E000E6FD6B /* StorageService.swift */,
				EF125B0727577FA900E6FD6B /* APIConfiguration.swift */,
			);
			path = Services;
			sourceTree = "<group>";
		};
/* End PBXGroup section */

/* Begin PBXNativeTarget section */
		EF96B97F274FE1C700961F9C /* mysubs */ = {
			isa = PBXNativeTarget;
			buildConfigurationList = EF96B9AD274FE1C900961F9C /* Build configuration list for PBXNativeTarget "mysubs" */;
			buildPhases = (
				064D0A5F73B1E5DE83198891 /* [CP] Check Pods Manifest.lock */,
				EF96B97C274FE1C700961F9C /* Sources */,
				EF96B97D274FE1C700961F9C /* Frameworks */,
				EF96B97E274FE1C700961F9C /* Resources */,
				84B5E3264AC9EE61689A3189 /* [CP] Embed Pods Frameworks */,
			);
			buildRules = (
			);
			dependencies = (
			);
			name = mysubs;
			productName = mysubs;
			productReference = EF96B980274FE1C700961F9C /* mysubs.app */;
			productType = "com.apple.product-type.application";
		};
		EF96B998274FE1C900961F9C /* mysubsTests */ = {
			isa = PBXNativeTarget;
			buildConfigurationList = EF96B9B0274FE1C900961F9C /* Build configuration list for PBXNativeTarget "mysubsTests" */;
			buildPhases = (
				EF96B995274FE1C900961F9C /* Sources */,
				EF96B996274FE1C900961F9C /* Frameworks */,
				EF96B997274FE1C900961F9C /* Resources */,
			);
			buildRules = (
			);
			dependencies = (
				EF96B99B274FE1C900961F9C /* PBXTargetDependency */,
			);
			name = mysubsTests;
			productName = mysubsTests;
			productReference = EF96B999274FE1C900961F9C /* mysubsTests.xctest */;
			productType = "com.apple.product-type.bundle.unit-test";
		};
		EF96B9A2274FE1C900961F9C /* mysubsUITests */ = {
			isa = PBXNativeTarget;
			buildConfigurationList = EF96B9B3274FE1C900961F9C /* Build configuration list for PBXNativeTarget "mysubsUITests" */;
			buildPhases = (
				EF96B99F274FE1C900961F9C /* Sources */,
				EF96B9A0274FE1C900961F9C /* Frameworks */,
				EF96B9A1274FE1C900961F9C /* Resources */,
			);
			buildRules = (
			);
			dependencies = (
				EF96B9A5274FE1C900961F9C /* PBXTargetDependency */,
			);
			name = mysubsUITests;
			productName = mysubsUITests;
			productReference = EF96B9A3274FE1C900961F9C /* mysubsUITests.xctest */;
			productType = "com.apple.product-type.bundle.ui-testing";
		};
/* End PBXNativeTarget section */

/* Begin PBXProject section */
		EF96B978274FE1C700961F9C /* Project object */ = {
			isa = PBXProject;
			attributes = {
				BuildIndependentTargetsInParallel = 1;
				LastSwiftUpdateCheck = 1310;
				LastUpgradeCheck = 1310;
				TargetAttributes = {
					EF96B97F274FE1C700961F9C = {
						CreatedOnToolsVersion = 13.1;
					};
					EF96B998274FE1C900961F9C = {
						CreatedOnToolsVersion = 13.1;
						TestTargetID = EF96B97F274FE1C700961F9C;
					};
					EF96B9A2274FE1C900961F9C = {
						CreatedOnToolsVersion = 13.1;
						TestTargetID = EF96B97F274FE1C700961F9C;
					};
				};
			};
			buildConfigurationList = EF96B97B274FE1C700961F9C /* Build configuration list for PBXProject "mysubs" */;
			compatibilityVersion = "Xcode 13.0";
			developmentRegion = en;
			hasScannedForEncodings = 0;
			knownRegions = (
				en,
				Base,
			);
			mainGroup = EF96B977274FE1C700961F9C;
			productRefGroup = EF96B981274FE1C700961F9C /* Products */;
			projectDirPath = "";
			projectRoot = "";
			targets = (
				EF96B97F274FE1C700961F9C /* mysubs */,
				EF96B998274FE1C900961F9C /* mysubsTests */,
				EF96B9A2274FE1C900961F9C /* mysubsUITests */,
			);
		};
/* End PBXProject section */

/* Begin PBXResourcesBuildPhase section */
		EF96B97E274FE1C700961F9C /* Resources */ = {
			isa = PBXResourcesBuildPhase;
			buildActionMask = 2147483647;
			files = (
				EF96B993274FE1C900961F9C /* LaunchScreen.storyboard in Resources */,
				EF96B990274FE1C900961F9C /* Assets.xcassets in Resources */,
				EF1168D62750035F00274911 /* Main.storyboard in Resources */,
			);
			runOnlyForDeploymentPostprocessing = 0;
		};
		EF96B997274FE1C900961F9C /* Resources */ = {
			isa = PBXResourcesBuildPhase;
			buildActionMask = 2147483647;
			files = (
			);
			runOnlyForDeploymentPostprocessing = 0;
		};
		EF96B9A1274FE1C900961F9C /* Resources */ = {
			isa = PBXResourcesBuildPhase;
			buildActionMask = 2147483647;
			files = (
			);
			runOnlyForDeploymentPostprocessing = 0;
		};
/* End PBXResourcesBuildPhase section */

/* Begin PBXShellScriptBuildPhase section */
		064D0A5F73B1E5DE83198891 /* [CP] Check Pods Manifest.lock */ = {
			isa = PBXShellScriptBuildPhase;
			buildActionMask = 2147483647;
			files = (
			);
			inputFileListPaths = (
			);
			inputPaths = (
				"${PODS_PODFILE_DIR_PATH}/Podfile.lock",
				"${PODS_ROOT}/Manifest.lock",
			);
			name = "[CP] Check Pods Manifest.lock";
			outputFileListPaths = (
			);
			outputPaths = (
				"$(DERIVED_FILE_DIR)/Pods-mysubs-checkManifestLockResult.txt",
			);
			runOnlyForDeploymentPostprocessing = 0;
			shellPath = /bin/sh;
			shellScript = "diff \"${PODS_PODFILE_DIR_PATH}/Podfile.lock\" \"${PODS_ROOT}/Manifest.lock\" > /dev/null\nif [ $? != 0 ] ; then\n    # print error to STDERR\n    echo \"error: The sandbox is not in sync with the Podfile.lock. Run 'pod install' or update your CocoaPods installation.\" >&2\n    exit 1\nfi\n# This output is used by Xcode 'outputs' to avoid re-running this script phase.\necho \"SUCCESS\" > \"${SCRIPT_OUTPUT_FILE_0}\"\n";
			showEnvVarsInLog = 0;
		};
		84B5E3264AC9EE61689A3189 /* [CP] Embed Pods Frameworks */ = {
			isa = PBXShellScriptBuildPhase;
			buildActionMask = 2147483647;
			files = (
			);
			inputFileListPaths = (
				"${PODS_ROOT}/Target Support Files/Pods-mysubs/Pods-mysubs-frameworks-${CONFIGURATION}-input-files.xcfilelist",
			);
			name = "[CP] Embed Pods Frameworks";
			outputFileListPaths = (
				"${PODS_ROOT}/Target Support Files/Pods-mysubs/Pods-mysubs-frameworks-${CONFIGURATION}-output-files.xcfilelist",
			);
			runOnlyForDeploymentPostprocessing = 0;
			shellPath = /bin/sh;
			shellScript = "\"${PODS_ROOT}/Target Support Files/Pods-mysubs/Pods-mysubs-frameworks.sh\"\n";
			showEnvVarsInLog = 0;
		};
/* End PBXShellScriptBuildPhase section */

/* Begin PBXSourcesBuildPhase section */
		EF96B97C274FE1C700961F9C /* Sources */ = {
			isa = PBXSourcesBuildPhase;
			buildActionMask = 2147483647;
			files = (
				EFFA24DF275644E20068DFE3 /* HomeViewController.swift in Sources */,
				EF9072EB275E1FE8006CF678 /* NewSubController.swift in Sources */,
				EF1F6C6B2759125E00DA0BBB /* SubCell.swift in Sources */,
				EF1F6C6F275A464900DA0BBB /* Strings.swift in Sources */,
				EFFA24E227566E570068DFE3 /* LogoFinderService.swift in Sources */,
				EF125B192757C11000E6FD6B /* AddCornerRadius.swift in Sources */,
				EF9072EF275E3951006CF678 /* AppCoordinator.swift in Sources */,
				EF125B0C2757820400E6FD6B /* SubInfo.swift in Sources */,
				EF1F6C73275A484C00DA0BBB /* MSImages.swift in Sources */,
				EF96B984274FE1C700961F9C /* AppDelegate.swift in Sources */,
				EF125B0A275780E000E6FD6B /* StorageService.swift in Sources */,
				EF125B0827577FA900E6FD6B /* APIConfiguration.swift in Sources */,
				EF70E4F32756868A0011AB06 /* BrandInfo.swift in Sources */,
				EF9072ED275E37EE006CF678 /* Coordinator.swift in Sources */,
				EF125B1227578AC600E6FD6B /* LoadImage.swift in Sources */,
				EF1F6C75275A4A4100DA0BBB /* MSColors.swift in Sources */,
				EF125B152757962500E6FD6B /* ShowAlert.swift in Sources */,
				EF96B98E274FE1C700961F9C /* mysubs.xcdatamodeld in Sources */,
				EF96B986274FE1C700961F9C /* SceneDelegate.swift in Sources */,
				EF125B1B2757C82D00E6FD6B /* CategoryInfo.swift in Sources */,
				EF1F6C77275A4AF100DA0BBB /* MSFonts.swift in Sources */,
			);
			runOnlyForDeploymentPostprocessing = 0;
		};
		EF96B995274FE1C900961F9C /* Sources */ = {
			isa = PBXSourcesBuildPhase;
			buildActionMask = 2147483647;
			files = (
				EF96B99E274FE1C900961F9C /* mysubsTests.swift in Sources */,
			);
			runOnlyForDeploymentPostprocessing = 0;
		};
		EF96B99F274FE1C900961F9C /* Sources */ = {
			isa = PBXSourcesBuildPhase;
			buildActionMask = 2147483647;
			files = (
				EF96B9A8274FE1C900961F9C /* mysubsUITests.swift in Sources */,
				EF96B9AA274FE1C900961F9C /* mysubsUITestsLaunchTests.swift in Sources */,
			);
			runOnlyForDeploymentPostprocessing = 0;
		};
/* End PBXSourcesBuildPhase section */

/* Begin PBXTargetDependency section */
		EF96B99B274FE1C900961F9C /* PBXTargetDependency */ = {
			isa = PBXTargetDependency;
			target = EF96B97F274FE1C700961F9C /* mysubs */;
			targetProxy = EF96B99A274FE1C900961F9C /* PBXContainerItemProxy */;
		};
		EF96B9A5274FE1C900961F9C /* PBXTargetDependency */ = {
			isa = PBXTargetDependency;
			target = EF96B97F274FE1C700961F9C /* mysubs */;
			targetProxy = EF96B9A4274FE1C900961F9C /* PBXContainerItemProxy */;
		};
/* End PBXTargetDependency section */

/* Begin PBXVariantGroup section */
		EF96B991274FE1C900961F9C /* LaunchScreen.storyboard */ = {
			isa = PBXVariantGroup;
			children = (
				EF96B992274FE1C900961F9C /* Base */,
			);
			name = LaunchScreen.storyboard;
			sourceTree = "<group>";
		};
/* End PBXVariantGroup section */

/* Begin XCBuildConfiguration section */
		EF96B9AB274FE1C900961F9C /* Debug */ = {
			isa = XCBuildConfiguration;
			buildSettings = {
				ALWAYS_SEARCH_USER_PATHS = NO;
				CLANG_ANALYZER_NONNULL = YES;
				CLANG_ANALYZER_NUMBER_OBJECT_CONVERSION = YES_AGGRESSIVE;
				CLANG_CXX_LANGUAGE_STANDARD = "gnu++17";
				CLANG_CXX_LIBRARY = "libc++";
				CLANG_ENABLE_MODULES = YES;
				CLANG_ENABLE_OBJC_ARC = YES;
				CLANG_ENABLE_OBJC_WEAK = YES;
				CLANG_WARN_BLOCK_CAPTURE_AUTORELEASING = YES;
				CLANG_WARN_BOOL_CONVERSION = YES;
				CLANG_WARN_COMMA = YES;
				CLANG_WARN_CONSTANT_CONVERSION = YES;
				CLANG_WARN_DEPRECATED_OBJC_IMPLEMENTATIONS = YES;
				CLANG_WARN_DIRECT_OBJC_ISA_USAGE = YES_ERROR;
				CLANG_WARN_DOCUMENTATION_COMMENTS = YES;
				CLANG_WARN_EMPTY_BODY = YES;
				CLANG_WARN_ENUM_CONVERSION = YES;
				CLANG_WARN_INFINITE_RECURSION = YES;
				CLANG_WARN_INT_CONVERSION = YES;
				CLANG_WARN_NON_LITERAL_NULL_CONVERSION = YES;
				CLANG_WARN_OBJC_IMPLICIT_RETAIN_SELF = YES;
				CLANG_WARN_OBJC_LITERAL_CONVERSION = YES;
				CLANG_WARN_OBJC_ROOT_CLASS = YES_ERROR;
				CLANG_WARN_QUOTED_INCLUDE_IN_FRAMEWORK_HEADER = YES;
				CLANG_WARN_RANGE_LOOP_ANALYSIS = YES;
				CLANG_WARN_STRICT_PROTOTYPES = YES;
				CLANG_WARN_SUSPICIOUS_MOVE = YES;
				CLANG_WARN_UNGUARDED_AVAILABILITY = YES_AGGRESSIVE;
				CLANG_WARN_UNREACHABLE_CODE = YES;
				CLANG_WARN__DUPLICATE_METHOD_MATCH = YES;
				COPY_PHASE_STRIP = NO;
				DEBUG_INFORMATION_FORMAT = dwarf;
				ENABLE_STRICT_OBJC_MSGSEND = YES;
				ENABLE_TESTABILITY = YES;
				GCC_C_LANGUAGE_STANDARD = gnu11;
				GCC_DYNAMIC_NO_PIC = NO;
				GCC_NO_COMMON_BLOCKS = YES;
				GCC_OPTIMIZATION_LEVEL = 0;
				GCC_PREPROCESSOR_DEFINITIONS = (
					"DEBUG=1",
					"$(inherited)",
				);
				GCC_WARN_64_TO_32_BIT_CONVERSION = YES;
				GCC_WARN_ABOUT_RETURN_TYPE = YES_ERROR;
				GCC_WARN_UNDECLARED_SELECTOR = YES;
				GCC_WARN_UNINITIALIZED_AUTOS = YES_AGGRESSIVE;
				GCC_WARN_UNUSED_FUNCTION = YES;
				GCC_WARN_UNUSED_VARIABLE = YES;
				IPHONEOS_DEPLOYMENT_TARGET = 14.0;
				MTL_ENABLE_DEBUG_INFO = INCLUDE_SOURCE;
				MTL_FAST_MATH = YES;
				ONLY_ACTIVE_ARCH = YES;
				SDKROOT = iphoneos;
				SWIFT_ACTIVE_COMPILATION_CONDITIONS = DEBUG;
				SWIFT_OPTIMIZATION_LEVEL = "-Onone";
			};
			name = Debug;
		};
		EF96B9AC274FE1C900961F9C /* Release */ = {
			isa = XCBuildConfiguration;
			buildSettings = {
				ALWAYS_SEARCH_USER_PATHS = NO;
				CLANG_ANALYZER_NONNULL = YES;
				CLANG_ANALYZER_NUMBER_OBJECT_CONVERSION = YES_AGGRESSIVE;
				CLANG_CXX_LANGUAGE_STANDARD = "gnu++17";
				CLANG_CXX_LIBRARY = "libc++";
				CLANG_ENABLE_MODULES = YES;
				CLANG_ENABLE_OBJC_ARC = YES;
				CLANG_ENABLE_OBJC_WEAK = YES;
				CLANG_WARN_BLOCK_CAPTURE_AUTORELEASING = YES;
				CLANG_WARN_BOOL_CONVERSION = YES;
				CLANG_WARN_COMMA = YES;
				CLANG_WARN_CONSTANT_CONVERSION = YES;
				CLANG_WARN_DEPRECATED_OBJC_IMPLEMENTATIONS = YES;
				CLANG_WARN_DIRECT_OBJC_ISA_USAGE = YES_ERROR;
				CLANG_WARN_DOCUMENTATION_COMMENTS = YES;
				CLANG_WARN_EMPTY_BODY = YES;
				CLANG_WARN_ENUM_CONVERSION = YES;
				CLANG_WARN_INFINITE_RECURSION = YES;
				CLANG_WARN_INT_CONVERSION = YES;
				CLANG_WARN_NON_LITERAL_NULL_CONVERSION = YES;
				CLANG_WARN_OBJC_IMPLICIT_RETAIN_SELF = YES;
				CLANG_WARN_OBJC_LITERAL_CONVERSION = YES;
				CLANG_WARN_OBJC_ROOT_CLASS = YES_ERROR;
				CLANG_WARN_QUOTED_INCLUDE_IN_FRAMEWORK_HEADER = YES;
				CLANG_WARN_RANGE_LOOP_ANALYSIS = YES;
				CLANG_WARN_STRICT_PROTOTYPES = YES;
				CLANG_WARN_SUSPICIOUS_MOVE = YES;
				CLANG_WARN_UNGUARDED_AVAILABILITY = YES_AGGRESSIVE;
				CLANG_WARN_UNREACHABLE_CODE = YES;
				CLANG_WARN__DUPLICATE_METHOD_MATCH = YES;
				COPY_PHASE_STRIP = NO;
				DEBUG_INFORMATION_FORMAT = "dwarf-with-dsym";
				ENABLE_NS_ASSERTIONS = NO;
				ENABLE_STRICT_OBJC_MSGSEND = YES;
				GCC_C_LANGUAGE_STANDARD = gnu11;
				GCC_NO_COMMON_BLOCKS = YES;
				GCC_WARN_64_TO_32_BIT_CONVERSION = YES;
				GCC_WARN_ABOUT_RETURN_TYPE = YES_ERROR;
				GCC_WARN_UNDECLARED_SELECTOR = YES;
				GCC_WARN_UNINITIALIZED_AUTOS = YES_AGGRESSIVE;
				GCC_WARN_UNUSED_FUNCTION = YES;
				GCC_WARN_UNUSED_VARIABLE = YES;
				IPHONEOS_DEPLOYMENT_TARGET = 14.0;
				MTL_ENABLE_DEBUG_INFO = NO;
				MTL_FAST_MATH = YES;
				SDKROOT = iphoneos;
				SWIFT_COMPILATION_MODE = wholemodule;
				SWIFT_OPTIMIZATION_LEVEL = "-O";
				VALIDATE_PRODUCT = YES;
			};
			name = Release;
		};
		EF96B9AE274FE1C900961F9C /* Debug */ = {
			isa = XCBuildConfiguration;
			baseConfigurationReference = E92B44913F948E7701CD59C6 /* Pods-mysubs.debug.xcconfig */;
			buildSettings = {
				ASSETCATALOG_COMPILER_APPICON_NAME = AppIcon;
				ASSETCATALOG_COMPILER_GLOBAL_ACCENT_COLOR_NAME = AccentColor;
				CODE_SIGN_STYLE = Automatic;
				CURRENT_PROJECT_VERSION = 1;
				DEVELOPMENT_TEAM = 33VL4C78U3;
				GENERATE_INFOPLIST_FILE = YES;
				INFOPLIST_FILE = "mysubs/Supporting files/MySubs_Info.plist";
				INFOPLIST_KEY_CFBundleDisplayName = mysubs;
				INFOPLIST_KEY_UIApplicationSupportsIndirectInputEvents = YES;
				INFOPLIST_KEY_UILaunchStoryboardName = LaunchScreen;
				INFOPLIST_KEY_UISupportedInterfaceOrientations = UIInterfaceOrientationPortrait;
				INFOPLIST_KEY_UISupportedInterfaceOrientations_iPad = "UIInterfaceOrientationPortrait UIInterfaceOrientationPortraitUpsideDown UIInterfaceOrientationLandscapeLeft UIInterfaceOrientationLandscapeRight";
				INFOPLIST_KEY_UISupportedInterfaceOrientations_iPhone = "UIInterfaceOrientationPortrait UIInterfaceOrientationLandscapeLeft UIInterfaceOrientationLandscapeRight";
				IPHONEOS_DEPLOYMENT_TARGET = 15.0;
				LD_RUNPATH_SEARCH_PATHS = (
					"$(inherited)",
					"@executable_path/Frameworks",
				);
				MARKETING_VERSION = 1.0;
				PRODUCT_BUNDLE_IDENTIFIER = fr.manonrusso.mysubs;
				PRODUCT_NAME = "$(TARGET_NAME)";
				SWIFT_EMIT_LOC_STRINGS = YES;
				SWIFT_VERSION = 5.0;
				TARGETED_DEVICE_FAMILY = 1;
			};
			name = Debug;
		};
		EF96B9AF274FE1C900961F9C /* Release */ = {
			isa = XCBuildConfiguration;
			baseConfigurationReference = 28734AF35D4C5AB8620AFF30 /* Pods-mysubs.release.xcconfig */;
			buildSettings = {
				ASSETCATALOG_COMPILER_APPICON_NAME = AppIcon;
				ASSETCATALOG_COMPILER_GLOBAL_ACCENT_COLOR_NAME = AccentColor;
				CODE_SIGN_STYLE = Automatic;
				CURRENT_PROJECT_VERSION = 1;
				DEVELOPMENT_TEAM = 33VL4C78U3;
				GENERATE_INFOPLIST_FILE = YES;
				INFOPLIST_FILE = "mysubs/Supporting files/MySubs_Info.plist";
				INFOPLIST_KEY_CFBundleDisplayName = mysubs;
				INFOPLIST_KEY_UIApplicationSupportsIndirectInputEvents = YES;
				INFOPLIST_KEY_UILaunchStoryboardName = LaunchScreen;
				INFOPLIST_KEY_UISupportedInterfaceOrientations = UIInterfaceOrientationPortrait;
				INFOPLIST_KEY_UISupportedInterfaceOrientations_iPad = "UIInterfaceOrientationPortrait UIInterfaceOrientationPortraitUpsideDown UIInterfaceOrientationLandscapeLeft UIInterfaceOrientationLandscapeRight";
				INFOPLIST_KEY_UISupportedInterfaceOrientations_iPhone = "UIInterfaceOrientationPortrait UIInterfaceOrientationLandscapeLeft UIInterfaceOrientationLandscapeRight";
				IPHONEOS_DEPLOYMENT_TARGET = 15.0;
				LD_RUNPATH_SEARCH_PATHS = (
					"$(inherited)",
					"@executable_path/Frameworks",
				);
				MARKETING_VERSION = 1.0;
				PRODUCT_BUNDLE_IDENTIFIER = fr.manonrusso.mysubs;
				PRODUCT_NAME = "$(TARGET_NAME)";
				SWIFT_EMIT_LOC_STRINGS = YES;
				SWIFT_VERSION = 5.0;
				TARGETED_DEVICE_FAMILY = 1;
			};
			name = Release;
		};
		EF96B9B1274FE1C900961F9C /* Debug */ = {
			isa = XCBuildConfiguration;
			buildSettings = {
				ALWAYS_EMBED_SWIFT_STANDARD_LIBRARIES = YES;
				BUNDLE_LOADER = "$(TEST_HOST)";
				CODE_SIGN_STYLE = Automatic;
				CURRENT_PROJECT_VERSION = 1;
				DEVELOPMENT_TEAM = 33VL4C78U3;
				GENERATE_INFOPLIST_FILE = YES;
				IPHONEOS_DEPLOYMENT_TARGET = 15.0;
				LD_RUNPATH_SEARCH_PATHS = (
					"$(inherited)",
					"@executable_path/Frameworks",
					"@loader_path/Frameworks",
				);
				MARKETING_VERSION = 1.0;
				PRODUCT_BUNDLE_IDENTIFIER = fr.manonrusso.mysubsTests;
				PRODUCT_NAME = "$(TARGET_NAME)";
				SWIFT_EMIT_LOC_STRINGS = NO;
				SWIFT_VERSION = 5.0;
				TARGETED_DEVICE_FAMILY = "1,2";
				TEST_HOST = "$(BUILT_PRODUCTS_DIR)/mysubs.app/mysubs";
			};
			name = Debug;
		};
		EF96B9B2274FE1C900961F9C /* Release */ = {
			isa = XCBuildConfiguration;
			buildSettings = {
				ALWAYS_EMBED_SWIFT_STANDARD_LIBRARIES = YES;
				BUNDLE_LOADER = "$(TEST_HOST)";
				CODE_SIGN_STYLE = Automatic;
				CURRENT_PROJECT_VERSION = 1;
				DEVELOPMENT_TEAM = 33VL4C78U3;
				GENERATE_INFOPLIST_FILE = YES;
				IPHONEOS_DEPLOYMENT_TARGET = 15.0;
				LD_RUNPATH_SEARCH_PATHS = (
					"$(inherited)",
					"@executable_path/Frameworks",
					"@loader_path/Frameworks",
				);
				MARKETING_VERSION = 1.0;
				PRODUCT_BUNDLE_IDENTIFIER = fr.manonrusso.mysubsTests;
				PRODUCT_NAME = "$(TARGET_NAME)";
				SWIFT_EMIT_LOC_STRINGS = NO;
				SWIFT_VERSION = 5.0;
				TARGETED_DEVICE_FAMILY = "1,2";
				TEST_HOST = "$(BUILT_PRODUCTS_DIR)/mysubs.app/mysubs";
			};
			name = Release;
		};
		EF96B9B4274FE1C900961F9C /* Debug */ = {
			isa = XCBuildConfiguration;
			buildSettings = {
				ALWAYS_EMBED_SWIFT_STANDARD_LIBRARIES = YES;
				CODE_SIGN_STYLE = Automatic;
				CURRENT_PROJECT_VERSION = 1;
				DEVELOPMENT_TEAM = 33VL4C78U3;
				GENERATE_INFOPLIST_FILE = YES;
				LD_RUNPATH_SEARCH_PATHS = (
					"$(inherited)",
					"@executable_path/Frameworks",
					"@loader_path/Frameworks",
				);
				MARKETING_VERSION = 1.0;
				PRODUCT_BUNDLE_IDENTIFIER = fr.manonrusso.mysubsUITests;
				PRODUCT_NAME = "$(TARGET_NAME)";
				SWIFT_EMIT_LOC_STRINGS = NO;
				SWIFT_VERSION = 5.0;
				TARGETED_DEVICE_FAMILY = "1,2";
				TEST_TARGET_NAME = mysubs;
			};
			name = Debug;
		};
		EF96B9B5274FE1C900961F9C /* Release */ = {
			isa = XCBuildConfiguration;
			buildSettings = {
				ALWAYS_EMBED_SWIFT_STANDARD_LIBRARIES = YES;
				CODE_SIGN_STYLE = Automatic;
				CURRENT_PROJECT_VERSION = 1;
				DEVELOPMENT_TEAM = 33VL4C78U3;
				GENERATE_INFOPLIST_FILE = YES;
				LD_RUNPATH_SEARCH_PATHS = (
					"$(inherited)",
					"@executable_path/Frameworks",
					"@loader_path/Frameworks",
				);
				MARKETING_VERSION = 1.0;
				PRODUCT_BUNDLE_IDENTIFIER = fr.manonrusso.mysubsUITests;
				PRODUCT_NAME = "$(TARGET_NAME)";
				SWIFT_EMIT_LOC_STRINGS = NO;
				SWIFT_VERSION = 5.0;
				TARGETED_DEVICE_FAMILY = "1,2";
				TEST_TARGET_NAME = mysubs;
			};
			name = Release;
		};
/* End XCBuildConfiguration section */

/* Begin XCConfigurationList section */
		EF96B97B274FE1C700961F9C /* Build configuration list for PBXProject "mysubs" */ = {
			isa = XCConfigurationList;
			buildConfigurations = (
				EF96B9AB274FE1C900961F9C /* Debug */,
				EF96B9AC274FE1C900961F9C /* Release */,
			);
			defaultConfigurationIsVisible = 0;
			defaultConfigurationName = Release;
		};
		EF96B9AD274FE1C900961F9C /* Build configuration list for PBXNativeTarget "mysubs" */ = {
			isa = XCConfigurationList;
			buildConfigurations = (
				EF96B9AE274FE1C900961F9C /* Debug */,
				EF96B9AF274FE1C900961F9C /* Release */,
			);
			defaultConfigurationIsVisible = 0;
			defaultConfigurationName = Release;
		};
		EF96B9B0274FE1C900961F9C /* Build configuration list for PBXNativeTarget "mysubsTests" */ = {
			isa = XCConfigurationList;
			buildConfigurations = (
				EF96B9B1274FE1C900961F9C /* Debug */,
				EF96B9B2274FE1C900961F9C /* Release */,
			);
			defaultConfigurationIsVisible = 0;
			defaultConfigurationName = Release;
		};
		EF96B9B3274FE1C900961F9C /* Build configuration list for PBXNativeTarget "mysubsUITests" */ = {
			isa = XCConfigurationList;
			buildConfigurations = (
				EF96B9B4274FE1C900961F9C /* Debug */,
				EF96B9B5274FE1C900961F9C /* Release */,
			);
			defaultConfigurationIsVisible = 0;
			defaultConfigurationName = Release;
		};
/* End XCConfigurationList section */

/* Begin XCVersionGroup section */
		EF96B98C274FE1C700961F9C /* mysubs.xcdatamodeld */ = {
			isa = XCVersionGroup;
			children = (
				EF96B98D274FE1C700961F9C /* mysubs.xcdatamodel */,
			);
			currentVersion = EF96B98D274FE1C700961F9C /* mysubs.xcdatamodel */;
			path = mysubs.xcdatamodeld;
			sourceTree = "<group>";
			versionGroupType = wrapper.xcdatamodel;
		};
/* End XCVersionGroup section */
	};
	rootObject = EF96B978274FE1C700961F9C /* Project object */;
}
